
Microsoft Visual Studio Solution File, Format Version 12.00
# Visual Studio Version 17
VisualStudioVersion = 17.9.34728.123
MinimumVisualStudioVersion = 10.0.40219.1
Project("{FAE04EC0-301F-11D3-BF4B-00C04F79EFBC}") = "WhatDay1", "WhatDay1\WhatDay1.csproj", "{37F8864B-198A-4E07-8824-0D51AEC13521}"
EndProject
Global
	GlobalSection(SolutionConfigurationPlatforms) = preSolution
		Debug|Any CPU = Debug|Any CPU
		Release|Any CPU = Release|Any CPU
	EndGlobalSection
	GlobalSection(ProjectConfigurationPlatforms) = postSolution
		{37F8864B-198A-4E07-8824-0D51AEC13521}.Debug|Any CPU.ActiveCfg = Debug|Any CPU
		{37F8864B-198A-4E07-8824-0D51AEC13521}.Debug|Any CPU.Build.0 = Debug|Any CPU
		{37F8864B-198A-4E07-8824-0D51AEC13521}.Release|Any CPU.ActiveCfg = Release|Any CPU
		{37F8864B-198A-4E07-8824-0D51AEC13521}.Release|Any CPU.Build.0 = Release|Any CPU
	EndGlobalSection
	GlobalSection(SolutionProperties) = preSolution
		HideSolutionNode = FALSE
	EndGlobalSection
	GlobalSection(ExtensibilityGlobals) = postSolution
		SolutionGuid = {D853A72E-FC8B-4678-AB4B-295C17E15BCD}
	EndGlobalSection
EndGlobal
